// !$*UTF8*$!
{
	archiveVersion = 1;
	classes = {
	};
	objectVersion = 50;
	objects = {

/* Begin PBXBuildFile section */
		C5A1F89B27ADC7EE00E000FB /* AppDelegate.swift in Sources */ = {isa = PBXBuildFile; fileRef = C5A1F89A27ADC7EE00E000FB /* AppDelegate.swift */; };
		C5A1F89D27ADC7EE00E000FB /* SceneDelegate.swift in Sources */ = {isa = PBXBuildFile; fileRef = C5A1F89C27ADC7EE00E000FB /* SceneDelegate.swift */; };
		C5A1F89F27ADC7EE00E000FB /* ViewController.swift in Sources */ = {isa = PBXBuildFile; fileRef = C5A1F89E27ADC7EE00E000FB /* ViewController.swift */; };
		C5A1F8A227ADC7EE00E000FB /* Main.storyboard in Resources */ = {isa = PBXBuildFile; fileRef = C5A1F8A027ADC7EE00E000FB /* Main.storyboard */; };
		C5A1F8A427ADC7EF00E000FB /* Assets.xcassets in Resources */ = {isa = PBXBuildFile; fileRef = C5A1F8A327ADC7EF00E000FB /* Assets.xcassets */; };
		C5A1F8A727ADC7EF00E000FB /* LaunchScreen.storyboard in Resources */ = {isa = PBXBuildFile; fileRef = C5A1F8A527ADC7EF00E000FB /* LaunchScreen.storyboard */; };
		C5A1F8B227ADC7EF00E000FB /* PreworkTests.swift in Sources */ = {isa = PBXBuildFile; fileRef = C5A1F8B127ADC7EF00E000FB /* PreworkTests.swift */; };
		C5A1F8BD27ADC7EF00E000FB /* PreworkUITests.swift in Sources */ = {isa = PBXBuildFile; fileRef = C5A1F8BC27ADC7EF00E000FB /* PreworkUITests.swift */; };
/* End PBXBuildFile section */

/* Begin PBXContainerItemProxy section */
		C5A1F8AE27ADC7EF00E000FB /* PBXContainerItemProxy */ = {
			isa = PBXContainerItemProxy;
			containerPortal = C5A1F88F27ADC7EE00E000FB /* Project object */;
			proxyType = 1;
			remoteGlobalIDString = C5A1F89627ADC7EE00E000FB;
			remoteInfo = Prework;
		};
		C5A1F8B927ADC7EF00E000FB /* PBXContainerItemProxy */ = {
			isa = PBXContainerItemProxy;
			containerPortal = C5A1F88F27ADC7EE00E000FB /* Project object */;
			proxyType = 1;
			remoteGlobalIDString = C5A1F89627ADC7EE00E000FB;
			remoteInfo = Prework;
		};
/* End PBXContainerItemProxy section */

/* Begin PBXFileReference section */
		C5A1F89727ADC7EE00E000FB /* Prework.app */ = {isa = PBXFileReference; explicitFileType = wrapper.application; includeInIndex = 0; path = Prework.app; sourceTree = BUILT_PRODUCTS_DIR; };
		C5A1F89A27ADC7EE00E000FB /* AppDelegate.swift */ = {isa = PBXFileReference; lastKnownFileType = sourcecode.swift; path = AppDelegate.swift; sourceTree = "<group>"; };
		C5A1F89C27ADC7EE00E000FB /* SceneDelegate.swift */ = {isa = PBXFileReference; lastKnownFileType = sourcecode.swift; path = SceneDelegate.swift; sourceTree = "<group>"; };
		C5A1F89E27ADC7EE00E000FB /* ViewController.swift */ = {isa = PBXFileReference; lastKnownFileType = sourcecode.swift; path = ViewController.swift; sourceTree = "<group>"; };
		C5A1F8A127ADC7EE00E000FB /* Base */ = {isa = PBXFileReference; lastKnownFileType = file.storyboard; name = Base; path = Base.lproj/Main.storyboard; sourceTree = "<group>"; };
		C5A1F8A327ADC7EF00E000FB /* Assets.xcassets */ = {isa = PBXFileReference; lastKnownFileType = folder.assetcatalog; path = Assets.xcassets; sourceTree = "<group>"; };
		C5A1F8A627ADC7EF00E000FB /* Base */ = {isa = PBXFileReference; lastKnownFileType = file.storyboard; name = Base; path = Base.lproj/LaunchScreen.storyboard; sourceTree = "<group>"; };
		C5A1F8A827ADC7EF00E000FB /* Info.plist */ = {isa = PBXFileReference; lastKnownFileType = text.plist.xml; path = Info.plist; sourceTree = "<group>"; };
		C5A1F8AD27ADC7EF00E000FB /* PreworkTests.xctest */ = {isa = PBXFileReference; explicitFileType = wrapper.cfbundle; includeInIndex = 0; path = PreworkTests.xctest; sourceTree = BUILT_PRODUCTS_DIR; };
		C5A1F8B127ADC7EF00E000FB /* PreworkTests.swift */ = {isa = PBXFileReference; lastKnownFileType = sourcecode.swift; path = PreworkTests.swift; sourceTree = "<group>"; };
		C5A1F8B327ADC7EF00E000FB /* Info.plist */ = {isa = PBXFileReference; lastKnownFileType = text.plist.xml; path = Info.plist; sourceTree = "<group>"; };
		C5A1F8B827ADC7EF00E000FB /* PreworkUITests.xctest */ = {isa = PBXFileReference; explicitFileType = wrapper.cfbundle; includeInIndex = 0; path = PreworkUITests.xctest; sourceTree = BUILT_PRODUCTS_DIR; };
		C5A1F8BC27ADC7EF00E000FB /* PreworkUITests.swift */ = {isa = PBXFileReference; lastKnownFileType = sourcecode.swift; path = PreworkUITests.swift; sourceTree = "<group>"; };
		C5A1F8BE27ADC7EF00E000FB /* Info.plist */ = {isa = PBXFileReference; lastKnownFileType = text.plist.xml; path = Info.plist; sourceTree = "<group>"; };
/* End PBXFileReference section */

/* Begin PBXFrameworksBuildPhase section */
		C5A1F89427ADC7EE00E000FB /* Frameworks */ = {
			isa = PBXFrameworksBuildPhase;
			buildActionMask = 2147483647;
			files = (
			);
			runOnlyForDeploymentPostprocessing = 0;
		};
		C5A1F8AA27ADC7EF00E000FB /* Frameworks */ = {
			isa = PBXFrameworksBuildPhase;
			buildActionMask = 2147483647;
			files = (
			);
			runOnlyForDeploymentPostprocessing = 0;
		};
		C5A1F8B527ADC7EF00E000FB /* Frameworks */ = {
			isa = PBXFrameworksBuildPhase;
			buildActionMask = 2147483647;
			files = (
			);
			runOnlyForDeploymentPostprocessing = 0;
		};
/* End PBXFrameworksBuildPhase section */

/* Begin PBXGroup section */
		C5A1F88E27ADC7EE00E000FB = {
			isa = PBXGroup;
			children = (
				C5A1F89927ADC7EE00E000FB /* Prework */,
				C5A1F8B027ADC7EF00E000FB /* PreworkTests */,
				C5A1F8BB27ADC7EF00E000FB /* PreworkUITests */,
				C5A1F89827ADC7EE00E000FB /* Products */,
			);
			sourceTree = "<group>";
		};
		C5A1F89827ADC7EE00E000FB /* Products */ = {
			isa = PBXGroup;
			children = (
				C5A1F89727ADC7EE00E000FB /* Prework.app */,
				C5A1F8AD27ADC7EF00E000FB /* PreworkTests.xctest */,
				C5A1F8B827ADC7EF00E000FB /* PreworkUITests.xctest */,
			);
			name = Products;
			sourceTree = "<group>";
		};
		C5A1F89927ADC7EE00E000FB /* Prework */ = {
			isa = PBXGroup;
			children = (
				C5A1F89A27ADC7EE00E000FB /* AppDelegate.swift */,
				C5A1F89C27ADC7EE00E000FB /* SceneDelegate.swift */,
				C5A1F89E27ADC7EE00E000FB /* ViewController.swift */,
				C5A1F8A027ADC7EE00E000FB /* Main.storyboard */,
				C5A1F8A327ADC7EF00E000FB /* Assets.xcassets */,
				C5A1F8A527ADC7EF00E000FB /* LaunchScreen.storyboard */,
				C5A1F8A827ADC7EF00E000FB /* Info.plist */,
			);
			path = Prework;
			sourceTree = "<group>";
		};
		C5A1F8B027ADC7EF00E000FB /* PreworkTests */ = {
			isa = PBXGroup;
			children = (
				C5A1F8B127ADC7EF00E000FB /* PreworkTests.swift */,
				C5A1F8B327ADC7EF00E000FB /* Info.plist */,
			);
			path = PreworkTests;
			sourceTree = "<group>";
		};
		C5A1F8BB27ADC7EF00E000FB /* PreworkUITests */ = {
			isa = PBXGroup;
			children = (
				C5A1F8BC27ADC7EF00E000FB /* PreworkUITests.swift */,
				C5A1F8BE27ADC7EF00E000FB /* Info.plist */,
			);
			path = PreworkUITests;
			sourceTree = "<group>";
		};
/* End PBXGroup section */

/* Begin PBXNativeTarget section */
		C5A1F89627ADC7EE00E000FB /* Prework */ = {
			isa = PBXNativeTarget;
			buildConfigurationList = C5A1F8C127ADC7EF00E000FB /* Build configuration list for PBXNativeTarget "Prework" */;
			buildPhases = (
				C5A1F89327ADC7EE00E000FB /* Sources */,
				C5A1F89427ADC7EE00E000FB /* Frameworks */,
				C5A1F89527ADC7EE00E000FB /* Resources */,
			);
			buildRules = (
			);
			dependencies = (
			);
			name = Prework;
			productName = Prework;
			productReference = C5A1F89727ADC7EE00E000FB /* Prework.app */;
			productType = "com.apple.product-type.application";
		};
		C5A1F8AC27ADC7EF00E000FB /* PreworkTests */ = {
			isa = PBXNativeTarget;
			buildConfigurationList = C5A1F8C427ADC7EF00E000FB /* Build configuration list for PBXNativeTarget "PreworkTests" */;
			buildPhases = (
				C5A1F8A927ADC7EF00E000FB /* Sources */,
				C5A1F8AA27ADC7EF00E000FB /* Frameworks */,
				C5A1F8AB27ADC7EF00E000FB /* Resources */,
			);
			buildRules = (
			);
			dependencies = (
				C5A1F8AF27ADC7EF00E000FB /* PBXTargetDependency */,
			);
			name = PreworkTests;
			productName = PreworkTests;
			productReference = C5A1F8AD27ADC7EF00E000FB /* PreworkTests.xctest */;
			productType = "com.apple.product-type.bundle.unit-test";
		};
		C5A1F8B727ADC7EF00E000FB /* PreworkUITests */ = {
			isa = PBXNativeTarget;
			buildConfigurationList = C5A1F8C727ADC7EF00E000FB /* Build configuration list for PBXNativeTarget "PreworkUITests" */;
			buildPhases = (
				C5A1F8B427ADC7EF00E000FB /* Sources */,
				C5A1F8B527ADC7EF00E000FB /* Frameworks */,
				C5A1F8B627ADC7EF00E000FB /* Resources */,
			);
			buildRules = (
			);
			dependencies = (
				C5A1F8BA27ADC7EF00E000FB /* PBXTargetDependency */,
			);
			name = PreworkUITests;
			productName = PreworkUITests;
			productReference = C5A1F8B827ADC7EF00E000FB /* PreworkUITests.xctest */;
			productType = "com.apple.product-type.bundle.ui-testing";
		};
/* End PBXNativeTarget section */

/* Begin PBXProject section */
		C5A1F88F27ADC7EE00E000FB /* Project object */ = {
			isa = PBXProject;
			attributes = {
				LastSwiftUpdateCheck = 1250;
				LastUpgradeCheck = 1250;
				TargetAttributes = {
					C5A1F89627ADC7EE00E000FB = {
						CreatedOnToolsVersion = 12.5.1;
					};
					C5A1F8AC27ADC7EF00E000FB = {
						CreatedOnToolsVersion = 12.5.1;
						TestTargetID = C5A1F89627ADC7EE00E000FB;
					};
					C5A1F8B727ADC7EF00E000FB = {
						CreatedOnToolsVersion = 12.5.1;
						TestTargetID = C5A1F89627ADC7EE00E000FB;
					};
				};
			};
			buildConfigurationList = C5A1F89227ADC7EE00E000FB /* Build configuration list for PBXProject "Prework" */;
			compatibilityVersion = "Xcode 9.3";
			developmentRegion = en;
			hasScannedForEncodings = 0;
			knownRegions = (
				en,
				Base,
			);
			mainGroup = C5A1F88E27ADC7EE00E000FB;
			productRefGroup = C5A1F89827ADC7EE00E000FB /* Products */;
			projectDirPath = "";
			projectRoot = "";
			targets = (
				C5A1F89627ADC7EE00E000FB /* Prework */,
				C5A1F8AC27ADC7EF00E000FB /* PreworkTests */,
				C5A1F8B727ADC7EF00E000FB /* PreworkUITests */,
			);
		};
/* End PBXProject section */

/* Begin PBXResourcesBuildPhase section */
		C5A1F89527ADC7EE00E000FB /* Resources */ = {
			isa = PBXResourcesBuildPhase;
			buildActionMask = 2147483647;
			files = (
				C5A1F8A727ADC7EF00E000FB /* LaunchScreen.storyboard in Resources */,
				C5A1F8A427ADC7EF00E000FB /* Assets.xcassets in Resources */,
				C5A1F8A227ADC7EE00E000FB /* Main.storyboard in Resources */,
			);
			runOnlyForDeploymentPostprocessing = 0;
		};
		C5A1F8AB27ADC7EF00E000FB /* Resources */ = {
			isa = PBXResourcesBuildPhase;
			buildActionMask = 2147483647;
			files = (
			);
			runOnlyForDeploymentPostprocessing = 0;
		};
		C5A1F8B627ADC7EF00E000FB /* Resources */ = {
			isa = PBXResourcesBuildPhase;
			buildActionMask = 2147483647;
			files = (
			);
			runOnlyForDeploymentPostprocessing = 0;
		};
/* End PBXResourcesBuildPhase section */

/* Begin PBXSourcesBuildPhase section */
		C5A1F89327ADC7EE00E000FB /* Sources */ = {
			isa = PBXSourcesBuildPhase;
			buildActionMask = 2147483647;
			files = (
				C5A1F89F27ADC7EE00E000FB /* ViewController.swift in Sources */,
				C5A1F89B27ADC7EE00E000FB /* AppDelegate.swift in Sources */,
				C5A1F89D27ADC7EE00E000FB /* SceneDelegate.swift in Sources */,
			);
			runOnlyForDeploymentPostprocessing = 0;
		};
		C5A1F8A927ADC7EF00E000FB /* Sources */ = {
			isa = PBXSourcesBuildPhase;
			buildActionMask = 2147483647;
			files = (
				C5A1F8B227ADC7EF00E000FB /* PreworkTests.swift in Sources */,
			);
			runOnlyForDeploymentPostprocessing = 0;
		};
		C5A1F8B427ADC7EF00E000FB /* Sources */ = {
			isa = PBXSourcesBuildPhase;
			buildActionMask = 2147483647;
			files = (
				C5A1F8BD27ADC7EF00E000FB /* PreworkUITests.swift in Sources */,
			);
			runOnlyForDeploymentPostprocessing = 0;
		};
/* End PBXSourcesBuildPhase section */

/* Begin PBXTargetDependency section */
		C5A1F8AF27ADC7EF00E000FB /* PBXTargetDependency */ = {
			isa = PBXTargetDependency;
			target = C5A1F89627ADC7EE00E000FB /* Prework */;
			targetProxy = C5A1F8AE27ADC7EF00E000FB /* PBXContainerItemProxy */;
		};
		C5A1F8BA27ADC7EF00E000FB /* PBXTargetDependency */ = {
			isa = PBXTargetDependency;
			target = C5A1F89627ADC7EE00E000FB /* Prework */;
			targetProxy = C5A1F8B927ADC7EF00E000FB /* PBXContainerItemProxy */;
		};
/* End PBXTargetDependency section */

/* Begin PBXVariantGroup section */
		C5A1F8A027ADC7EE00E000FB /* Main.storyboard */ = {
			isa = PBXVariantGroup;
			children = (
				C5A1F8A127ADC7EE00E000FB /* Base */,
			);
			name = Main.storyboard;
			sourceTree = "<group>";
		};
		C5A1F8A527ADC7EF00E000FB /* LaunchScreen.storyboard */ = {
			isa = PBXVariantGroup;
			children = (
				C5A1F8A627ADC7EF00E000FB /* Base */,
			);
			name = LaunchScreen.storyboard;
			sourceTree = "<group>";
		};
/* End PBXVariantGroup section */

/* Begin XCBuildConfiguration section */
		C5A1F8BF27ADC7EF00E000FB /* Debug */ = {
			isa = XCBuildConfiguration;
			buildSettings = {
				ALWAYS_SEARCH_USER_PATHS = NO;
				CLANG_ANALYZER_NONNULL = YES;
				CLANG_ANALYZER_NUMBER_OBJECT_CONVERSION = YES_AGGRESSIVE;
				CLANG_CXX_LANGUAGE_STANDARD = "gnu++14";
				CLANG_CXX_LIBRARY = "libc++";
				CLANG_ENABLE_MODULES = YES;
				CLANG_ENABLE_OBJC_ARC = YES;
				CLANG_ENABLE_OBJC_WEAK = YES;
				CLANG_WARN_BLOCK_CAPTURE_AUTORELEASING = YES;
				CLANG_WARN_BOOL_CONVERSION = YES;
				CLANG_WARN_COMMA = YES;
				CLANG_WARN_CONSTANT_CONVERSION = YES;
				CLANG_WARN_DEPRECATED_OBJC_IMPLEMENTATIONS = YES;
				CLANG_WARN_DIRECT_OBJC_ISA_USAGE = YES_ERROR;
				CLANG_WARN_DOCUMENTATION_COMMENTS = YES;
				CLANG_WARN_EMPTY_BODY = YES;
				CLANG_WARN_ENUM_CONVERSION = YES;
				CLANG_WARN_INFINITE_RECURSION = YES;
				CLANG_WARN_INT_CONVERSION = YES;
				CLANG_WARN_NON_LITERAL_NULL_CONVERSION = YES;
				CLANG_WARN_OBJC_IMPLICIT_RETAIN_SELF = YES;
				CLANG_WARN_OBJC_LITERAL_CONVERSION = YES;
				CLANG_WARN_OBJC_ROOT_CLASS = YES_ERROR;
				CLANG_WARN_QUOTED_INCLUDE_IN_FRAMEWORK_HEADER = YES;
				CLANG_WARN_RANGE_LOOP_ANALYSIS = YES;
				CLANG_WARN_STRICT_PROTOTYPES = YES;
				CLANG_WARN_SUSPICIOUS_MOVE = YES;
				CLANG_WARN_UNGUARDED_AVAILABILITY = YES_AGGRESSIVE;
				CLANG_WARN_UNREACHABLE_CODE = YES;
				CLANG_WARN__DUPLICATE_METHOD_MATCH = YES;
				COPY_PHASE_STRIP = NO;
				DEBUG_INFORMATION_FORMAT = dwarf;
				ENABLE_STRICT_OBJC_MSGSEND = YES;
				ENABLE_TESTABILITY = YES;
				GCC_C_LANGUAGE_STANDARD = gnu11;
				GCC_DYNAMIC_NO_PIC = NO;
				GCC_NO_COMMON_BLOCKS = YES;
				GCC_OPTIMIZATION_LEVEL = 0;
				GCC_PREPROCESSOR_DEFINITIONS = (
					"DEBUG=1",
					"$(inherited)",
				);
				GCC_WARN_64_TO_32_BIT_CONVERSION = YES;
				GCC_WARN_ABOUT_RETURN_TYPE = YES_ERROR;
				GCC_WARN_UNDECLARED_SELECTOR = YES;
				GCC_WARN_UNINITIALIZED_AUTOS = YES_AGGRESSIVE;
				GCC_WARN_UNUSED_FUNCTION = YES;
				GCC_WARN_UNUSED_VARIABLE = YES;
				IPHONEOS_DEPLOYMENT_TARGET = 14.5;
				MTL_ENABLE_DEBUG_INFO = INCLUDE_SOURCE;
				MTL_FAST_MATH = YES;
				ONLY_ACTIVE_ARCH = YES;
				SDKROOT = iphoneos;
				SWIFT_ACTIVE_COMPILATION_CONDITIONS = DEBUG;
				SWIFT_OPTIMIZATION_LEVEL = "-Onone";
			};
			name = Debug;
		};
		C5A1F8C027ADC7EF00E000FB /* Release */ = {
			isa = XCBuildConfiguration;
			buildSettings = {
				ALWAYS_SEARCH_USER_PATHS = NO;
				CLANG_ANALYZER_NONNULL = YES;
				CLANG_ANALYZER_NUMBER_OBJECT_CONVERSION = YES_AGGRESSIVE;
				CLANG_CXX_LANGUAGE_STANDARD = "gnu++14";
				CLANG_CXX_LIBRARY = "libc++";
				CLANG_ENABLE_MODULES = YES;
				CLANG_ENABLE_OBJC_ARC = YES;
				CLANG_ENABLE_OBJC_WEAK = YES;
				CLANG_WARN_BLOCK_CAPTURE_AUTORELEASING = YES;
				CLANG_WARN_BOOL_CONVERSION = YES;
				CLANG_WARN_COMMA = YES;
				CLANG_WARN_CONSTANT_CONVERSION = YES;
				CLANG_WARN_DEPRECATED_OBJC_IMPLEMENTATIONS = YES;
				CLANG_WARN_DIRECT_OBJC_ISA_USAGE = YES_ERROR;
				CLANG_WARN_DOCUMENTATION_COMMENTS = YES;
				CLANG_WARN_EMPTY_BODY = YES;
				CLANG_WARN_ENUM_CONVERSION = YES;
				CLANG_WARN_INFINITE_RECURSION = YES;
				CLANG_WARN_INT_CONVERSION = YES;
				CLANG_WARN_NON_LITERAL_NULL_CONVERSION = YES;
				CLANG_WARN_OBJC_IMPLICIT_RETAIN_SELF = YES;
				CLANG_WARN_OBJC_LITERAL_CONVERSION = YES;
				CLANG_WARN_OBJC_ROOT_CLASS = YES_ERROR;
				CLANG_WARN_QUOTED_INCLUDE_IN_FRAMEWORK_HEADER = YES;
				CLANG_WARN_RANGE_LOOP_ANALYSIS = YES;
				CLANG_WARN_STRICT_PROTOTYPES = YES;
				CLANG_WARN_SUSPICIOUS_MOVE = YES;
				CLANG_WARN_UNGUARDED_AVAILABILITY = YES_AGGRESSIVE;
				CLANG_WARN_UNREACHABLE_CODE = YES;
				CLANG_WARN__DUPLICATE_METHOD_MATCH = YES;
				COPY_PHASE_STRIP = NO;
				DEBUG_INFORMATION_FORMAT = "dwarf-with-dsym";
				ENABLE_NS_ASSERTIONS = NO;
				ENABLE_STRICT_OBJC_MSGSEND = YES;
				GCC_C_LANGUAGE_STANDARD = gnu11;
				GCC_NO_COMMON_BLOCKS = YES;
				GCC_WARN_64_TO_32_BIT_CONVERSION = YES;
				GCC_WARN_ABOUT_RETURN_TYPE = YES_ERROR;
				GCC_WARN_UNDECLARED_SELECTOR = YES;
				GCC_WARN_UNINITIALIZED_AUTOS = YES_AGGRESSIVE;
				GCC_WARN_UNUSED_FUNCTION = YES;
				GCC_WARN_UNUSED_VARIABLE = YES;
				IPHONEOS_DEPLOYMENT_TARGET = 14.5;
				MTL_ENABLE_DEBUG_INFO = NO;
				MTL_FAST_MATH = YES;
				SDKROOT = iphoneos;
				SWIFT_COMPILATION_MODE = wholemodule;
				SWIFT_OPTIMIZATION_LEVEL = "-O";
				VALIDATE_PRODUCT = YES;
			};
			name = Release;
		};
		C5A1F8C227ADC7EF00E000FB /* Debug */ = {
			isa = XCBuildConfiguration;
			buildSettings = {
				ASSETCATALOG_COMPILER_APPICON_NAME = AppIcon;
				ASSETCATALOG_COMPILER_GLOBAL_ACCENT_COLOR_NAME = AccentColor;
				CODE_SIGN_STYLE = Automatic;
				INFOPLIST_FILE = Prework/Info.plist;
				LD_RUNPATH_SEARCH_PATHS = (
					"$(inherited)",
					"@executable_path/Frameworks",
				);
				PRODUCT_BUNDLE_IDENTIFIER = teaabuselidze.Prework;
				PRODUCT_NAME = "$(TARGET_NAME)";
				SWIFT_VERSION = 5.0;
				TARGETED_DEVICE_FAMILY = "1,2";
			};
			name = Debug;
		};
		C5A1F8C327ADC7EF00E000FB /* Release */ = {
			isa = XCBuildConfiguration;
			buildSettings = {
				ASSETCATALOG_COMPILER_APPICON_NAME = AppIcon;
				ASSETCATALOG_COMPILER_GLOBAL_ACCENT_COLOR_NAME = AccentColor;
				CODE_SIGN_STYLE = Automatic;
				INFOPLIST_FILE = Prework/Info.plist;
				LD_RUNPATH_SEARCH_PATHS = (
					"$(inherited)",
					"@executable_path/Frameworks",
				);
				PRODUCT_BUNDLE_IDENTIFIER = teaabuselidze.Prework;
				PRODUCT_NAME = "$(TARGET_NAME)";
				SWIFT_VERSION = 5.0;
				TARGETED_DEVICE_FAMILY = "1,2";
			};
			name = Release;
		};
		C5A1F8C527ADC7EF00E000FB /* Debug */ = {
			isa = XCBuildConfiguration;
			buildSettings = {
				ALWAYS_EMBED_SWIFT_STANDARD_LIBRARIES = YES;
				BUNDLE_LOADER = "$(TEST_HOST)";
				CODE_SIGN_STYLE = Automatic;
				INFOPLIST_FILE = PreworkTests/Info.plist;
				IPHONEOS_DEPLOYMENT_TARGET = 14.5;
				LD_RUNPATH_SEARCH_PATHS = (
					"$(inherited)",
					"@executable_path/Frameworks",
					"@loader_path/Frameworks",
				);
				PRODUCT_BUNDLE_IDENTIFIER = teaabuselidze.PreworkTests;
				PRODUCT_NAME = "$(TARGET_NAME)";
				SWIFT_VERSION = 5.0;
				TARGETED_DEVICE_FAMILY = "1,2";
				TEST_HOST = "$(BUILT_PRODUCTS_DIR)/Prework.app/Prework";
			};
			name = Debug;
		};
		C5A1F8C627ADC7EF00E000FB /* Release */ = {
			isa = XCBuildConfiguration;
			buildSettings = {
				ALWAYS_EMBED_SWIFT_STANDARD_LIBRARIES = YES;
				BUNDLE_LOADER = "$(TEST_HOST)";
				CODE_SIGN_STYLE = Automatic;
				INFOPLIST_FILE = PreworkTests/Info.plist;
				IPHONEOS_DEPLOYMENT_TARGET = 14.5;
				LD_RUNPATH_SEARCH_PATHS = (
					"$(inherited)",
					"@executable_path/Frameworks",
					"@loader_path/Frameworks",
				);
				PRODUCT_BUNDLE_IDENTIFIER = teaabuselidze.PreworkTests;
				PRODUCT_NAME = "$(TARGET_NAME)";
				SWIFT_VERSION = 5.0;
				TARGETED_DEVICE_FAMILY = "1,2";
				TEST_HOST = "$(BUILT_PRODUCTS_DIR)/Prework.app/Prework";
			};
			name = Release;
		};
		C5A1F8C827ADC7EF00E000FB /* Debug */ = {
			isa = XCBuildConfiguration;
			buildSettings = {
				ALWAYS_EMBED_SWIFT_STANDARD_LIBRARIES = YES;
				CODE_SIGN_STYLE = Automatic;
				INFOPLIST_FILE = PreworkUITests/Info.plist;
				LD_RUNPATH_SEARCH_PATHS = (
					"$(inherited)",
					"@executable_path/Frameworks",
					"@loader_path/Frameworks",
				);
				PRODUCT_BUNDLE_IDENTIFIER = teaabuselidze.PreworkUITests;
				PRODUCT_NAME = "$(TARGET_NAME)";
				SWIFT_VERSION = 5.0;
				TARGETED_DEVICE_FAMILY = "1,2";
				TEST_TARGET_NAME = Prework;
			};
			name = Debug;
		};
		C5A1F8C927ADC7EF00E000FB /* Release */ = {
			isa = XCBuildConfiguration;
			buildSettings = {
				ALWAYS_EMBED_SWIFT_STANDARD_LIBRARIES = YES;
				CODE_SIGN_STYLE = Automatic;
				INFOPLIST_FILE = PreworkUITests/Info.plist;
				LD_RUNPATH_SEARCH_PATHS = (
					"$(inherited)",
					"@executable_path/Frameworks",
					"@loader_path/Frameworks",
				);
				PRODUCT_BUNDLE_IDENTIFIER = teaabuselidze.PreworkUITests;
				PRODUCT_NAME = "$(TARGET_NAME)";
				SWIFT_VERSION = 5.0;
				TARGETED_DEVICE_FAMILY = "1,2";
				TEST_TARGET_NAME = Prework;
			};
			name = Release;
		};
/* End XCBuildConfiguration section */

/* Begin XCConfigurationList section */
		C5A1F89227ADC7EE00E000FB /* Build configuration list for PBXProject "Prework" */ = {
			isa = XCConfigurationList;
			buildConfigurations = (
				C5A1F8BF27ADC7EF00E000FB /* Debug */,
				C5A1F8C027ADC7EF00E000FB /* Release */,
			);
			defaultConfigurationIsVisible = 0;
			defaultConfigurationName = Release;
		};
		C5A1F8C127ADC7EF00E000FB /* Build configuration list for PBXNativeTarget "Prework" */ = {
			isa = XCConfigurationList;
			buildConfigurations = (
				C5A1F8C227ADC7EF00E000FB /* Debug */,
				C5A1F8C327ADC7EF00E000FB /* Release */,
			);
			defaultConfigurationIsVisible = 0;
			defaultConfigurationName = Release;
		};
		C5A1F8C427ADC7EF00E000FB /* Build configuration list for PBXNativeTarget "PreworkTests" */ = {
			isa = XCConfigurationList;
			buildConfigurations = (
				C5A1F8C527ADC7EF00E000FB /* Debug */,
				C5A1F8C627ADC7EF00E000FB /* Release */,
			);
			defaultConfigurationIsVisible = 0;
			defaultConfigurationName = Release;
		};
		C5A1F8C727ADC7EF00E000FB /* Build configuration list for PBXNativeTarget "PreworkUITests" */ = {
			isa = XCConfigurationList;
			buildConfigurations = (
				C5A1F8C827ADC7EF00E000FB /* Debug */,
				C5A1F8C927ADC7EF00E000FB /* Release */,
			);
			defaultConfigurationIsVisible = 0;
			defaultConfigurationName = Release;
		};
/* End XCConfigurationList section */
	};
	rootObject = C5A1F88F27ADC7EE00E000FB /* Project object */;
}
